
Microsoft Visual Studio Solution File, Format Version 12.00
# Visual Studio Version 16
VisualStudioVersion = 16.0.31205.134
MinimumVisualStudioVersion = 10.0.40219.1
Project("{FAE04EC0-301F-11D3-BF4B-00C04F79EFBC}") = "backend", "backend\backend.csproj", "{C1A25A2F-B4BE-4AA5-8485-DCB2FDC8738B}"
EndProject
Global
	GlobalSection(SolutionConfigurationPlatforms) = preSolution
		Debug|Any CPU = Debug|Any CPU
		Release|Any CPU = Release|Any CPU
	EndGlobalSection
	GlobalSection(ProjectConfigurationPlatforms) = postSolution
		{C1A25A2F-B4BE-4AA5-8485-DCB2FDC8738B}.Debug|Any CPU.ActiveCfg = Debug|Any CPU
		{C1A25A2F-B4BE-4AA5-8485-DCB2FDC8738B}.Debug|Any CPU.Build.0 = Debug|Any CPU
		{C1A25A2F-B4BE-4AA5-8485-DCB2FDC8738B}.Release|Any CPU.ActiveCfg = Release|Any CPU
		{C1A25A2F-B4BE-4AA5-8485-DCB2FDC8738B}.Release|Any CPU.Build.0 = Release|Any CPU
	EndGlobalSection
	GlobalSection(SolutionProperties) = preSolution
		HideSolutionNode = FALSE
	EndGlobalSection
	GlobalSection(ExtensibilityGlobals) = postSolution
		SolutionGuid = {A7E9D8CD-445E-4D92-800A-AED21AAA1862}
	EndGlobalSection
EndGlobal
